
Microsoft Visual Studio Solution File, Format Version 12.00
# Visual Studio Version 16
VisualStudioVersion = 16.0.30225.117
MinimumVisualStudioVersion = 10.0.40219.1
Project("{FAE04EC0-301F-11D3-BF4B-00C04F79EFBC}") = "BasicNetCoreApp", "BasicNetCoreApp\BasicNetCoreApp.csproj", "{98AE15AB-5F70-4133-BB8C-2664CF6CBA09}"
EndProject
Global
	GlobalSection(SolutionConfigurationPlatforms) = preSolution
		Debug|Any CPU = Debug|Any CPU
		Release|Any CPU = Release|Any CPU
	EndGlobalSection
	GlobalSection(ProjectConfigurationPlatforms) = postSolution
		{98AE15AB-5F70-4133-BB8C-2664CF6CBA09}.Debug|Any CPU.ActiveCfg = Debug|Any CPU
		{98AE15AB-5F70-4133-BB8C-2664CF6CBA09}.Debug|Any CPU.Build.0 = Debug|Any CPU
		{98AE15AB-5F70-4133-BB8C-2664CF6CBA09}.Release|Any CPU.ActiveCfg = Release|Any CPU
		{98AE15AB-5F70-4133-BB8C-2664CF6CBA09}.Release|Any CPU.Build.0 = Release|Any CPU
	EndGlobalSection
	GlobalSection(SolutionProperties) = preSolution
		HideSolutionNode = FALSE
	EndGlobalSection
	GlobalSection(ExtensibilityGlobals) = postSolution
		SolutionGuid = {08C3AF10-571B-470E-B6D9-A4277F7F0CD4}
	EndGlobalSection
EndGlobal
